
Microsoft Visual Studio Solution File, Format Version 12.00
# Visual Studio Version 18
VisualStudioVersion = 18.9.12112.369 stable
MinimumVisualStudioVersion = 10.0.40219.1
Project("{FAE04EC0-301F-11D3-BF4B-00C04F79EFBC}") = "WakingSkeleton.Test", "WakingSkeleton.Test\WakingSkeleton.Test.csproj", "{D53C043A-780C-4635-877E-5929E3280A41}"
EndProject
Project("{FAE04EC0-301F-11D3-BF4B-00C04F79EFBC}") = "WakingSkeleton", "WakingSkeleton\WakingSkeleton.csproj", "{83C97BEE-B9E6-4E09-8C94-CC97180F5725}"
EndProject
Global
	GlobalSection(SolutionConfigurationPlatforms) = preSolution
		Debug|Any CPU = Debug|Any CPU
		Release|Any CPU = Release|Any CPU
	EndGlobalSection
	GlobalSection(ProjectConfigurationPlatforms) = postSolution
		{D53C043A-780C-4635-877E-5929E3280A41}.Debug|Any CPU.ActiveCfg = Debug|Any CPU
		{D53C043A-780C-4635-877E-5929E3280A41}.Debug|Any CPU.Build.0 = Debug|Any CPU
		{D53C043A-780C-4635-877E-5929E3280A41}.Release|Any CPU.ActiveCfg = Release|Any CPU
		{D53C043A-780C-4635-877E-5929E3280A41}.Release|Any CPU.Build.0 = Release|Any CPU
		{83C97BEE-B9E6-4E09-8C94-CC97180F5725}.Debug|Any CPU.ActiveCfg = Debug|Any CPU
		{83C97BEE-B9E6-4E09-8C94-CC97180F5725}.Debug|Any CPU.Build.0 = Debug|Any CPU
		{83C97BEE-B9E6-4E09-8C94-CC97180F5725}.Release|Any CPU.ActiveCfg = Release|Any CPU
		{83C97BEE-B9E6-4E09-8C94-CC97180F5725}.Release|Any CPU.Build.0 = Release|Any CPU
	EndGlobalSection
	GlobalSection(SolutionProperties) = preSolution
		HideSolutionNode = FALSE
	EndGlobalSection
EndGlobal
